# This file is generated by running "yarn install" inside your project.
# Manual changes might be lost - proceed with caution!

__metadata:
  version: 6
  cacheKey: 8

"@prisma/client@npm:4.2.1":
  version: 4.2.1
  resolution: "@prisma/client@npm:4.2.1"
  dependencies:
    "@prisma/engines-version": 4.2.0-33.2920a97877e12e055c1333079b8d19cee7f33826
  peerDependencies:
    prisma: "*"
  peerDependenciesMeta:
    prisma:
      optional: true
  checksum: 2eefe7182f2ebc26c35777e9ff22acb9c1d1f6e0988c518b32063d7677d066ab7258d13a0ee851addc77526dc0de9c05a02d5688c55377d65ddee1b6866b9e95
  languageName: node
  linkType: hard

"@prisma/engines-version@npm:4.2.0-33.2920a97877e12e055c1333079b8d19cee7f33826":
  version: 4.2.0-33.2920a97877e12e055c1333079b8d19cee7f33826
  resolution: "@prisma/engines-version@npm:4.2.0-33.2920a97877e12e055c1333079b8d19cee7f33826"
  checksum: 65975c69a361b56a85cf3652c8d7aec7549abe574158e423a64bc0be4bee83fe72ac2abd60133f776f3d410f97e7dc8c5dc516791ec963703cc6f914d378efc4
  languageName: node
  linkType: hard

"@prisma/engines@npm:4.2.1":
  version: 4.2.1
  resolution: "@prisma/engines@npm:4.2.1"
  checksum: 60a13c34412d875f803fbf6452df7dd811b92f9d08e0096629841f404b14e9830ff2e487c8e462d710a1a38a6b0a202e60369d804d0251ae139376772c64f00a
  languageName: node
  linkType: hard

"db@workspace:.":
  version: 0.0.0-use.local
  resolution: "db@workspace:."
  dependencies:
    "@prisma/client": 4.2.1
    prisma: ^4.2.1
  languageName: unknown
  linkType: soft

"prisma@npm:^4.2.1":
  version: 4.2.1
  resolution: "prisma@npm:4.2.1"
  dependencies:
    "@prisma/engines": 4.2.1
  bin:
    prisma: build/index.js
    prisma2: build/index.js
  checksum: 7f6fa164e153aa09f28f90420756831bb275a123ee0691fdd70bccee193ccc1d537cd14394cdf2ad549bb8773e06704025664948275d17f0fe4c139a470848e1
  languageName: node
  linkType: hard
